
Microsoft Visual Studio Solution File, Format Version 12.00
# Visual Studio 2012
Project("{FAE04EC0-301F-11D3-BF4B-00C04F79EFBC}") = "ClientSidePrediction", "ClientSidePrediction\ClientSidePrediction.csproj", "{F09E48F2-F96D-4ACF-95AE-372379EEC342}"
EndProject
Global
	GlobalSection(SolutionConfigurationPlatforms) = preSolution
		Debug|Any CPU = Debug|Any CPU
		Release|Any CPU = Release|Any CPU
	EndGlobalSection
	GlobalSection(ProjectConfigurationPlatforms) = postSolution
		{F09E48F2-F96D-4ACF-95AE-372379EEC342}.Debug|Any CPU.ActiveCfg = Debug|x86
		{F09E48F2-F96D-4ACF-95AE-372379EEC342}.Debug|Any CPU.Build.0 = Debug|x86
		{F09E48F2-F96D-4ACF-95AE-372379EEC342}.Release|Any CPU.ActiveCfg = Release|Any CPU
		{F09E48F2-F96D-4ACF-95AE-372379EEC342}.Release|Any CPU.Build.0 = Release|Any CPU
	EndGlobalSection
	GlobalSection(SolutionProperties) = preSolution
		HideSolutionNode = FALSE
	EndGlobalSection
EndGlobal
